<Solution>
  <Folder Name="/app/">
    <Project Path="app/Yession.Host.fsproj" />
  </Folder>
  <Folder Name="/app/main/">
    <Project Path="app/main/Yession.Host.Main.fsproj" />
  </Folder>
  <Folder Name="/app/browser/">
    <Project Path="app/browser/Yession.Browser.fsproj" />
  </Folder>
  <Folder Name="/src/">
    <Project Path="src/Fable.Dockerode/Fable.Dockerode.fsproj" />
    <Project Path="src/Fable.Jose/Fable.Jose.fsproj" />
    <Project Path="src/Fable.Keyring/Fable.Keyring.fsproj" />
    <Project Path="src/Fable.OpenIdClient/Fable.OpenIdClient.fsproj" />
    <Project Path="src/Fable.OpenTelemetry/Fable.OpenTelemetry.fsproj" />
    <Project Path="src/Fable.BrowserExtras/Fable.BrowserExtras.fsproj" />
    <Project Path="src/Fable.Zod/Fable.Zod.fsproj" />
    <Project Path="src/Yession.App/Yession.App.fsproj" />
    <Project Path="src/Yession.Domain/Yession.Domain.fsproj" />
    <Project Path="src/Yession.Manager/Yession.Manager.fsproj" />
    <Project Path="src/Yession.Oidc/Yession.Oidc.fsproj" />
    <Project Path="src/Yession.SessionProcess/Yession.SessionProcess.fsproj" />
    <Project Path="src/Yession.Peer/Yession.Peer.fsproj" />
  </Folder>
  <Folder Name="/analyzers/">
    <Project Path="analyzers/Yession.Analyzers/Yession.Analyzers.fsproj" />
  </Folder>
  <Folder Name="/examples/">
    <Project Path="examples/serial/SerialProvider.fsproj" />
  </Folder>
  <Folder Name="/tests/">
    <Project Path="tests/Yession.Tests/Yession.Tests.fsproj" />
    <Project Path="tools/Yession.Probe/Yession.Probe.fsproj" />
  </Folder>
</Solution>
