{
  "version": 2,
  "dependencies": {
    "net10.0": {
      "Fable.Browser.Dom": {
        "type": "Direct",
        "requested": "[2.16.0, )",
        "resolved": "2.16.0",
        "contentHash": "Lvt2LwCd31QCSqHPi48KpQlx2gkaQrAotCeocuQajD+uRJHH43mTBbQ0nLrN7h7Ic/i8LfsS5spZ92K7bktHwA==",
        "dependencies": {
          "FSharp.Core": "4.7.2",
          "Fable.Browser.Blob": "1.3.0",
          "Fable.Browser.Event": "1.5.0",
          "Fable.Browser.WebStorage": "1.2.0",
          "Fable.Core": "3.2.8"
        }
      },
      "Fable.Browser.Navigator": {
        "type": "Direct",
        "requested": "[2.5.0, )",
        "resolved": "2.5.0",
        "contentHash": "ScyKYpmwYxmIvXAyf7GveVjbv5cP96hHsBNs0+OL9TT/uPLsL12z/j/PhMxKakfQn8dzQOryC5tPZOoExH9YVg==",
        "dependencies": {
          "FSharp.Core": "4.7.2",
          "Fable.Browser.Gamepad": "1.3.0",
          "Fable.Browser.Geolocation": "1.3.0",
          "Fable.Browser.MediaStream": "3.3.0",
          "Fable.Browser.Worker": "1.3.0",
          "Fable.Core": "3.2.8"
        }
      },
      "Fable.Browser.Performance": {
        "type": "Direct",
        "requested": "[1.3.0, )",
        "resolved": "1.3.0",
        "contentHash": "eiLxoCxkUzuVSPRrhyvpKM8BPwpZMfkSSi6uwhWsRlOHOtG6YN3kcgwnNfbE29uNru8rJb76lYjJfYzZ0zVl3g==",
        "dependencies": {
          "FSharp.Core": "4.7.2",
          "Fable.Core": "3.2.8"
        }
      },
      "Fable.Browser.WebRTC": {
        "type": "Direct",
        "requested": "[1.6.0, )",
        "resolved": "1.6.0",
        "contentHash": "CVe5Fm8lMluvdiARq/22vaj80DsEwV7i+HuKkv3SHm85qowe19Orpp/mQFfjlKUY8AB+AUsIjvVq2JVcBOGveQ==",
        "dependencies": {
          "FSharp.Core": "4.7.2",
          "Fable.Browser.MediaStream": "3.4.0",
          "Fable.Core": "3.2.8"
        }
      },
      "Fable.Browser.WebStorage": {
        "type": "Direct",
        "requested": "[1.2.0, )",
        "resolved": "1.2.0",
        "contentHash": "T41JtXnYNzJRXDRndy3FiNNPRp5nnWA6JIMY063wMk+2GOv9MhdPTdTURTtMdBUcX907Gm/hRULVARyedsWM8g==",
        "dependencies": {
          "FSharp.Core": "4.7.2",
          "Fable.Browser.Event": "1.5.0",
          "Fable.Core": "3.0.0"
        }
      },
      "Fable.Core": {
        "type": "Direct",
        "requested": "[5.2.0, )",
        "resolved": "5.2.0",
        "contentHash": "3+HVoyYMjPGeKJEhMzRti0coDS6AkLVOWXmGwSvqokeTuwdZLyiKMoNgQrE6ZeJ0cSy9qHBB4VBpw5RAfb6zmQ==",
        "dependencies": {
          "FSharp.Core": "4.7.2"
        }
      },
      "Fable.Elmish": {
        "type": "Direct",
        "requested": "[4.2.0, )",
        "resolved": "4.2.0",
        "contentHash": "A8lDcHbz2AKcwFa6IlnK8I/21nbsxBcP5Vxq6Gp+jT8dU7Vjpnk8Pbry5+zQrlqjwt1XHU/S5Oo0KZqaGemPUA==",
        "dependencies": {
          "FSharp.Core": "4.7.2",
          "Fable.Core": "3.7.1"
        }
      },
      "Fable.Fetch": {
        "type": "Direct",
        "requested": "[2.7.0, )",
        "resolved": "2.7.0",
        "contentHash": "2ndGZZTqpX9Hyso51tnIxWAskN2zrHX+7LeAwfG4zew+DtMMGa/3IyJGl2BOYUwweq2MhfuVqs1K3avgBFDq+Q==",
        "dependencies": {
          "FSharp.Core": "4.7.2",
          "Fable.Browser.Blob": "1.2.0",
          "Fable.Browser.Event": "1.5.0",
          "Fable.Core": "3.7.1",
          "Fable.Promise": "2.2.2"
        }
      },
      "Fable.Lit": {
        "type": "Direct",
        "requested": "[1.4.2, )",
        "resolved": "1.4.2",
        "contentHash": "M38RMdJMwI5YaXN2YwUhJYeFe1cCXb8Z6hbU2pkVaX8S9YMjT4mfXUEu/uU/hXmMlgCatKqqoMoU5PVeO8l6Fg==",
        "dependencies": {
          "FSharp.Core": "5.0.0",
          "Fable.Browser.Dom": "2.5.0",
          "Fable.Core": "3.6.0",
          "Fable.Promise": "3.1.0"
        }
      },
      "Fable.Yjs": {
        "type": "Direct",
        "requested": "[1.0.0-beta0231, )",
        "resolved": "1.0.0-beta0231",
        "contentHash": "3XRyXA16xYx8yStiyounVMJHbDBRG69jK+SQpsMR/f2xouCJWgxm2mCGTZlFa+dhTLAFepfYj4x+UKmK9iD9LQ==",
        "dependencies": {
          "FSharp.Core": "7.0.200",
          "Fable.Browser.Dom": "2.10.1",
          "Fable.Core": "5.0.0"
        }
      },
      "Thoth.Json": {
        "type": "Direct",
        "requested": "[10.5.1, )",
        "resolved": "10.5.1",
        "contentHash": "HMh+zRyOhz7ASGNLgcSQFsrZWv4mcMZfqIsya0aQ2ixFWZpav9RRvYR5C9tL33qmRDX4n+73Bpo6brSfUQ4nQA==",
        "dependencies": {
          "FSharp.Core": "10.1.203",
          "Fable.Core": "5.0.0"
        }
      },
      "Thoth.Json.Net": {
        "type": "Direct",
        "requested": "[12.0.0, )",
        "resolved": "12.0.0",
        "contentHash": "n2YyONYdWCFS4Pu7wrqgV/l5tPuN+t3gxEfs/2RwqCiQkRnbgKs9dK61zHeZS5YganAoFbxLSwbaNL7SvSrS9g==",
        "dependencies": {
          "FSharp.Core": "4.7.2",
          "Fable.Core": "3.1.6",
          "Newtonsoft.Json": "13.0.1"
        }
      },
      "Ylmish": {
        "type": "Direct",
        "requested": "[1.0.0-beta0231, )",
        "resolved": "1.0.0-beta0231",
        "contentHash": "eTH2LG+uxfoF3EmcelzPmOYvhSaEfSK9/lpWWNlwGOjvZNoE1K+k/6ETZz2EIw+tcscDYQOMARFTknpyo9PVRQ==",
        "dependencies": {
          "FSharp.Core": "7.0.200",
          "FSharp.Data.Adaptive": "1.2.26",
          "Fable.Elmish": "4.2.0",
          "Fable.Yjs": "1.0.0-beta0231"
        }
      },
      "Fable.Browser.Blob": {
        "type": "Transitive",
        "resolved": "1.3.0",
        "contentHash": "UDVl31aW99qa2NygpxlBRQ7KWUWhF6MuWTZIRB96sSZZxrs46lKYGuL+V8QMd4mKjgeU+02GgUH0tN84NeBATg==",
        "dependencies": {
          "FSharp.Core": "4.7.2",
          "Fable.Core": "3.0.0"
        }
      },
      "Fable.Browser.Event": {
        "type": "Transitive",
        "resolved": "1.6.0",
        "contentHash": "0oog9V+AT4LRmfgFHRljTiBL+kT0HHbATxFMd6kUDDIXYwZmT4EU/ykbeAMmHtpLEwUnt3u6OpxlxZ1WiRnkIw==",
        "dependencies": {
          "FSharp.Core": "4.7.2",
          "Fable.Browser.Gamepad": "1.3.0",
          "Fable.Core": "3.2.8"
        }
      },
      "Fable.Browser.Gamepad": {
        "type": "Transitive",
        "resolved": "1.3.0",
        "contentHash": "C4HZDzCgff+U094QjpQlJh425W5j5/vojvOi2FV5UFS34l7TJ6YBgBPpKoro02QhAi/UF3AeocR+V2yiYxHb0A==",
        "dependencies": {
          "FSharp.Core": "4.7.2",
          "Fable.Core": "3.2.8"
        }
      },
      "Fable.Browser.Geolocation": {
        "type": "Transitive",
        "resolved": "1.3.0",
        "contentHash": "31s3o/uL2lDS58EMh5Rvec/sHVQyKbSp+ibcs8URnXtnhGo+oA+uOAMxNlIIWIn0VmCaSSiCjGzkK9fOxK39Ow==",
        "dependencies": {
          "FSharp.Core": "4.7.2",
          "Fable.Core": "3.2.8"
        }
      },
      "Fable.Browser.MediaStream": {
        "type": "Transitive",
        "resolved": "3.4.0",
        "contentHash": "m/qFWXZpfM/KzgyYdZcy5ye1Grkfh3ZF2uxazoTQiwf757ybCxm3UanUU8RcIQfyTu53LwhlQeWgj6A2tUX8kg==",
        "dependencies": {
          "FSharp.Core": "4.7.2",
          "Fable.Browser.Dom": "2.16.0",
          "Fable.Browser.Event": "1.6.0",
          "Fable.Core": "3.2.8"
        }
      },
      "Fable.Browser.Worker": {
        "type": "Transitive",
        "resolved": "1.3.0",
        "contentHash": "6DFcAapHvMHj1iGIQ7fNw1P+NcXmgTOoyTXFoVAw3uiyp2ybqMk+yUaEvMNx0pE4HV0Lw2hHkWodiZda40Cx+g==",
        "dependencies": {
          "FSharp.Core": "4.7.2",
          "Fable.Browser.Event": "1.6.0",
          "Fable.Core": "3.2.8"
        }
      },
      "FSharp.Core": {
        "type": "Transitive",
        "resolved": "10.1.203",
        "contentHash": "I2MFk72yHqfgI594gKFigq8PVIso0Mh1ZUgG9R4n8gyYQ4IwpBxmvecfjnKA7iMLdVHYULB70PsLwYW/K76gew=="
      },
      "Newtonsoft.Json": {
        "type": "Transitive",
        "resolved": "13.0.1",
        "contentHash": "ppPFpBcvxdsfUonNcvITKqLl3bqxWbDCZIzDWHzjpdAHRFfZe0Dw9HmA0+za13IdyrgJwpkDTDA9fHaxOrt20A=="
      },
      "fable.asciinemaplayer": {
        "type": "Project",
        "dependencies": {
          "Fable.Browser.Dom": "[2.16.0, )",
          "Fable.Core": "[5.2.0, )"
        }
      },
      "fable.browserextras": {
        "type": "Project",
        "dependencies": {
          "Fable.Browser.Dom": "[2.16.0, )",
          "Fable.Core": "[5.2.0, )"
        }
      },
      "fable.fetchextras": {
        "type": "Project",
        "dependencies": {
          "Fable.Core": "[5.2.0, )",
          "Fable.Fetch": "[2.7.0, )"
        }
      },
      "fable.prosemirror": {
        "type": "Project",
        "dependencies": {
          "Fable.BrowserExtras": "[1.0.0, )",
          "Fable.Core": "[5.2.0, )",
          "Fable.Yjs": "[1.0.0-beta0231, )"
        }
      },
      "fable.xterm": {
        "type": "Project",
        "dependencies": {
          "Fable.Core": "[5.2.0, )"
        }
      },
      "fable.yindexeddb": {
        "type": "Project",
        "dependencies": {
          "Fable.Core": "[5.2.0, )",
          "Fable.Yjs": "[1.0.0-beta0231, )"
        }
      },
      "yession.app": {
        "type": "Project",
        "dependencies": {
          "Fable.Browser.Dom": "[2.16.0, )",
          "Fable.BrowserExtras": "[1.0.0, )",
          "Fable.Elmish": "[4.2.0, )",
          "Fable.Lit": "[1.4.2, )",
          "Fable.ProseMirror": "[1.0.0, )",
          "Fable.Yjs": "[1.0.0-beta0231, )",
          "Thoth.Json": "[10.5.1, )",
          "Thoth.Json.Net": "[12.0.0, )",
          "Yession.Domain": "[1.0.0, )",
          "Ylmish": "[1.0.0-beta0231, )"
        }
      },
      "yession.domain": {
        "type": "Project",
        "dependencies": {
          "FSharp.Data.Adaptive": "[1.2.26, )",
          "Fable.Core": "[5.2.0, )",
          "Fable.Yjs": "[1.0.0-beta0231, )",
          "Thoth.Json": "[10.5.1, )",
          "Thoth.Json.Net": "[12.0.0, )",
          "Ylmish": "[1.0.0-beta0231, )"
        }
      },
      "yession.sessionprocess": {
        "type": "Project",
        "dependencies": {
          "Yession.Domain": "[1.0.0, )"
        }
      },
      "Fable.Promise": {
        "type": "CentralTransitive",
        "requested": "[3.1.0, )",
        "resolved": "3.1.0",
        "contentHash": "UocWAMiszZI0eqQEcWMYtAnb5czBWzI7Dd/hQtMOO9IT5ZzFMm3v2c3nv36508PU1Ou3EGsyA0kj+G+iz6RJEg==",
        "dependencies": {
          "FSharp.Core": "4.7.2",
          "Fable.Core": "3.1.5"
        }
      },
      "FSharp.Data.Adaptive": {
        "type": "CentralTransitive",
        "requested": "[1.2.26, )",
        "resolved": "1.2.26",
        "contentHash": "rVpjefX62kAMYfdy2G/0ouX7glevjg8jQOmfnhaxSO5HVVbvR62cWEv0EqSx70Oyp+bP4xliToWN0UhPxBZNSQ==",
        "dependencies": {
          "FSharp.Core": "4.7.0"
        }
      }
    }
  }
}